
Microsoft Visual Studio Solution File, Format Version 12.00
# Visual Studio Version 16
VisualStudioVersion = 16.0.36107.64
MinimumVisualStudioVersion = 10.0.40219.1
Project("{FAE04EC0-301F-11D3-BF4B-00C04F79EFBC}") = "MergeTwoSortedLists", "MergeTwoSortedLists.csproj", "{A532A635-7E02-476F-8997-8A2E6CC8A01F}"
EndProject
Global
	GlobalSection(SolutionConfigurationPlatforms) = preSolution
		Debug|Any CPU = Debug|Any CPU
		Release|Any CPU = Release|Any CPU
	EndGlobalSection
	GlobalSection(ProjectConfigurationPlatforms) = postSolution
		{A532A635-7E02-476F-8997-8A2E6CC8A01F}.Debug|Any CPU.ActiveCfg = Debug|Any CPU
		{A532A635-7E02-476F-8997-8A2E6CC8A01F}.Debug|Any CPU.Build.0 = Debug|Any CPU
		{A532A635-7E02-476F-8997-8A2E6CC8A01F}.Release|Any CPU.ActiveCfg = Release|Any CPU
		{A532A635-7E02-476F-8997-8A2E6CC8A01F}.Release|Any CPU.Build.0 = Release|Any CPU
	EndGlobalSection
	GlobalSection(SolutionProperties) = preSolution
		HideSolutionNode = FALSE
	EndGlobalSection
	GlobalSection(ExtensibilityGlobals) = postSolution
		SolutionGuid = {64FDBBC8-B86F-4C06-8399-FD658883B635}
	EndGlobalSection
EndGlobal
