
Microsoft Visual Studio Solution File, Format Version 12.00
# Visual Studio Version 16
VisualStudioVersion = 16.0.36107.64
MinimumVisualStudioVersion = 10.0.40219.1
Project("{FAE04EC0-301F-11D3-BF4B-00C04F79EFBC}") = "SearchInsertPosition", "SearchInsertPosition.csproj", "{A6AA0B6F-E595-4575-89DB-66947BB31D8D}"
EndProject
Global
	GlobalSection(SolutionConfigurationPlatforms) = preSolution
		Debug|Any CPU = Debug|Any CPU
		Release|Any CPU = Release|Any CPU
	EndGlobalSection
	GlobalSection(ProjectConfigurationPlatforms) = postSolution
		{A6AA0B6F-E595-4575-89DB-66947BB31D8D}.Debug|Any CPU.ActiveCfg = Debug|Any CPU
		{A6AA0B6F-E595-4575-89DB-66947BB31D8D}.Debug|Any CPU.Build.0 = Debug|Any CPU
		{A6AA0B6F-E595-4575-89DB-66947BB31D8D}.Release|Any CPU.ActiveCfg = Release|Any CPU
		{A6AA0B6F-E595-4575-89DB-66947BB31D8D}.Release|Any CPU.Build.0 = Release|Any CPU
	EndGlobalSection
	GlobalSection(SolutionProperties) = preSolution
		HideSolutionNode = FALSE
	EndGlobalSection
	GlobalSection(ExtensibilityGlobals) = postSolution
		SolutionGuid = {C6531DD2-5C9B-4E8A-97D0-9C42C2071900}
	EndGlobalSection
EndGlobal
